// !$*UTF8*$!
{
	archiveVersion = 1;
	classes = {
	};
	objectVersion = 56;
	objects = {

/* Begin PBXBuildFile section */
		4855B6C02A4CD68A00B77C70 /* WeatherAppApp.swift in Sources */ = {isa = PBXBuildFile; fileRef = 4855B6BF2A4CD68A00B77C70 /* WeatherAppApp.swift */; };
		4855B6C22A4CD68A00B77C70 /* WeatherSearchByCityView.swift in Sources */ = {isa = PBXBuildFile; fileRef = 4855B6C12A4CD68A00B77C70 /* WeatherSearchByCityView.swift */; };
		4855B6C42A4CD68C00B77C70 /* Assets.xcassets in Resources */ = {isa = PBXBuildFile; fileRef = 4855B6C32A4CD68C00B77C70 /* Assets.xcassets */; };
		4855B6C72A4CD68C00B77C70 /* Preview Assets.xcassets in Resources */ = {isa = PBXBuildFile; fileRef = 4855B6C62A4CD68C00B77C70 /* Preview Assets.xcassets */; };
		4855B6CE2A4CD72600B77C70 /* Utils.swift in Sources */ = {isa = PBXBuildFile; fileRef = 4855B6CD2A4CD72600B77C70 /* Utils.swift */; };
		4855B6D02A4CD88B00B77C70 /* WeatherCell.swift in Sources */ = {isa = PBXBuildFile; fileRef = 4855B6CF2A4CD88B00B77C70 /* WeatherCell.swift */; };
		4855B6D22A4CD8E000B77C70 /* WeatherInfo.swift in Sources */ = {isa = PBXBuildFile; fileRef = 4855B6D12A4CD8E000B77C70 /* WeatherInfo.swift */; };
		4855B6D42A4CD95900B77C70 /* Weather.swift in Sources */ = {isa = PBXBuildFile; fileRef = 4855B6D32A4CD95900B77C70 /* Weather.swift */; };
		4855B6D92A4CDBD500B77C70 /* WeatherService.swift in Sources */ = {isa = PBXBuildFile; fileRef = 4855B6D82A4CDBD500B77C70 /* WeatherService.swift */; };
		4855B6DC2A4CE50200B77C70 /* WeatherSearchViewModel.swift in Sources */ = {isa = PBXBuildFile; fileRef = 4855B6DB2A4CE50200B77C70 /* WeatherSearchViewModel.swift */; };
		48AE9F0B2A73489600A18752 /* HeaderView.swift in Sources */ = {isa = PBXBuildFile; fileRef = 48AE9F0A2A73489600A18752 /* HeaderView.swift */; };
		48AE9F0F2A7348C500A18752 /* HourlyView.swift in Sources */ = {isa = PBXBuildFile; fileRef = 48AE9F0C2A7348C400A18752 /* HourlyView.swift */; };
		48AE9F102A7348C500A18752 /* WeatherView.swift in Sources */ = {isa = PBXBuildFile; fileRef = 48AE9F0D2A7348C500A18752 /* WeatherView.swift */; };
		48AE9F112A7348C500A18752 /* DailyView.swift in Sources */ = {isa = PBXBuildFile; fileRef = 48AE9F0E2A7348C500A18752 /* DailyView.swift */; };
		48AE9F162A73491000A18752 /* PaginationView.swift in Sources */ = {isa = PBXBuildFile; fileRef = 48AE9F132A73491000A18752 /* PaginationView.swift */; };
		48AE9F182A73491000A18752 /* TemperatureBarView.swift in Sources */ = {isa = PBXBuildFile; fileRef = 48AE9F152A73491000A18752 /* TemperatureBarView.swift */; };
		48AE9F1B2A7349A300A18752 /* WeatherGridData.swift in Sources */ = {isa = PBXBuildFile; fileRef = 48AE9F192A7349A300A18752 /* WeatherGridData.swift */; };
		48AE9F1C2A7349A300A18752 /* WeatherData.swift in Sources */ = {isa = PBXBuildFile; fileRef = 48AE9F1A2A7349A300A18752 /* WeatherData.swift */; };
		48AE9F222A734DC500A18752 /* HeaderGridView.swift in Sources */ = {isa = PBXBuildFile; fileRef = 48AE9F1F2A734DC400A18752 /* HeaderGridView.swift */; };
		48AE9F232A734DC500A18752 /* WeatherGridView.swift in Sources */ = {isa = PBXBuildFile; fileRef = 48AE9F202A734DC400A18752 /* WeatherGridView.swift */; };
		48AE9F242A734DC500A18752 /* ScrowGridView.swift in Sources */ = {isa = PBXBuildFile; fileRef = 48AE9F212A734DC400A18752 /* ScrowGridView.swift */; };
/* End PBXBuildFile section */

/* Begin PBXFileReference section */
		4855B6BC2A4CD68A00B77C70 /* WeatherApp.app */ = {isa = PBXFileReference; explicitFileType = wrapper.application; includeInIndex = 0; path = WeatherApp.app; sourceTree = BUILT_PRODUCTS_DIR; };
		4855B6BF2A4CD68A00B77C70 /* WeatherAppApp.swift */ = {isa = PBXFileReference; lastKnownFileType = sourcecode.swift; path = WeatherAppApp.swift; sourceTree = "<group>"; };
		4855B6C12A4CD68A00B77C70 /* WeatherSearchByCityView.swift */ = {isa = PBXFileReference; lastKnownFileType = sourcecode.swift; path = WeatherSearchByCityView.swift; sourceTree = "<group>"; };
		4855B6C32A4CD68C00B77C70 /* Assets.xcassets */ = {isa = PBXFileReference; lastKnownFileType = folder.assetcatalog; path = Assets.xcassets; sourceTree = "<group>"; };
		4855B6C62A4CD68C00B77C70 /* Preview Assets.xcassets */ = {isa = PBXFileReference; lastKnownFileType = folder.assetcatalog; path = "Preview Assets.xcassets"; sourceTree = "<group>"; };
		4855B6CD2A4CD72600B77C70 /* Utils.swift */ = {isa = PBXFileReference; lastKnownFileType = sourcecode.swift; path = Utils.swift; sourceTree = "<group>"; };
		4855B6CF2A4CD88B00B77C70 /* WeatherCell.swift */ = {isa = PBXFileReference; lastKnownFileType = sourcecode.swift; path = WeatherCell.swift; sourceTree = "<group>"; };
		4855B6D12A4CD8E000B77C70 /* WeatherInfo.swift */ = {isa = PBXFileReference; lastKnownFileType = sourcecode.swift; path = WeatherInfo.swift; sourceTree = "<group>"; };
		4855B6D32A4CD95900B77C70 /* Weather.swift */ = {isa = PBXFileReference; lastKnownFileType = sourcecode.swift; path = Weather.swift; sourceTree = "<group>"; };
		4855B6D82A4CDBD500B77C70 /* WeatherService.swift */ = {isa = PBXFileReference; lastKnownFileType = sourcecode.swift; path = WeatherService.swift; sourceTree = "<group>"; };
		4855B6DB2A4CE50200B77C70 /* WeatherSearchViewModel.swift */ = {isa = PBXFileReference; lastKnownFileType = sourcecode.swift; path = WeatherSearchViewModel.swift; sourceTree = "<group>"; };
		48AE9F0A2A73489600A18752 /* HeaderView.swift */ = {isa = PBXFileReference; fileEncoding = 4; lastKnownFileType = sourcecode.swift; path = HeaderView.swift; sourceTree = "<group>"; };
		48AE9F0C2A7348C400A18752 /* HourlyView.swift */ = {isa = PBXFileReference; fileEncoding = 4; lastKnownFileType = sourcecode.swift; path = HourlyView.swift; sourceTree = "<group>"; };
		48AE9F0D2A7348C500A18752 /* WeatherView.swift */ = {isa = PBXFileReference; fileEncoding = 4; lastKnownFileType = sourcecode.swift; path = WeatherView.swift; sourceTree = "<group>"; };
		48AE9F0E2A7348C500A18752 /* DailyView.swift */ = {isa = PBXFileReference; fileEncoding = 4; lastKnownFileType = sourcecode.swift; path = DailyView.swift; sourceTree = "<group>"; };
		48AE9F132A73491000A18752 /* PaginationView.swift */ = {isa = PBXFileReference; fileEncoding = 4; lastKnownFileType = sourcecode.swift; path = PaginationView.swift; sourceTree = "<group>"; };
		48AE9F152A73491000A18752 /* TemperatureBarView.swift */ = {isa = PBXFileReference; fileEncoding = 4; lastKnownFileType = sourcecode.swift; path = TemperatureBarView.swift; sourceTree = "<group>"; };
		48AE9F192A7349A300A18752 /* WeatherGridData.swift */ = {isa = PBXFileReference; fileEncoding = 4; lastKnownFileType = sourcecode.swift; path = WeatherGridData.swift; sourceTree = "<group>"; };
		48AE9F1A2A7349A300A18752 /* WeatherData.swift */ = {isa = PBXFileReference; fileEncoding = 4; lastKnownFileType = sourcecode.swift; path = WeatherData.swift; sourceTree = "<group>"; };
		48AE9F1F2A734DC400A18752 /* HeaderGridView.swift */ = {isa = PBXFileReference; fileEncoding = 4; lastKnownFileType = sourcecode.swift; path = HeaderGridView.swift; sourceTree = "<group>"; };
		48AE9F202A734DC400A18752 /* WeatherGridView.swift */ = {isa = PBXFileReference; fileEncoding = 4; lastKnownFileType = sourcecode.swift; path = WeatherGridView.swift; sourceTree = "<group>"; };
		48AE9F212A734DC400A18752 /* ScrowGridView.swift */ = {isa = PBXFileReference; fileEncoding = 4; lastKnownFileType = sourcecode.swift; path = ScrowGridView.swift; sourceTree = "<group>"; };
/* End PBXFileReference section */

/* Begin PBXFrameworksBuildPhase section */
		4855B6B92A4CD68A00B77C70 /* Frameworks */ = {
			isa = PBXFrameworksBuildPhase;
			buildActionMask = 2147483647;
			files = (
			);
			runOnlyForDeploymentPostprocessing = 0;
		};
/* End PBXFrameworksBuildPhase section */

/* Begin PBXGroup section */
		4855B6B32A4CD68A00B77C70 = {
			isa = PBXGroup;
			children = (
				4855B6BE2A4CD68A00B77C70 /* WeatherApp */,
				4855B6BD2A4CD68A00B77C70 /* Products */,
			);
			sourceTree = "<group>";
		};
		4855B6BD2A4CD68A00B77C70 /* Products */ = {
			isa = PBXGroup;
			children = (
				4855B6BC2A4CD68A00B77C70 /* WeatherApp.app */,
			);
			name = Products;
			sourceTree = "<group>";
		};
		4855B6BE2A4CD68A00B77C70 /* WeatherApp */ = {
			isa = PBXGroup;
			children = (
				48AE9EFB2A73450100A18752 /* WeatherDetailByCity */,
				4855B6BF2A4CD68A00B77C70 /* WeatherAppApp.swift */,
				48AE9EFA2A73441D00A18752 /* WeatherSearchByCity */,
				4855B6C32A4CD68C00B77C70 /* Assets.xcassets */,
				4855B6CD2A4CD72600B77C70 /* Utils.swift */,
				4855B6C52A4CD68C00B77C70 /* Preview Content */,
			);
			path = WeatherApp;
			sourceTree = "<group>";
		};
		4855B6C52A4CD68C00B77C70 /* Preview Content */ = {
			isa = PBXGroup;
			children = (
				4855B6C62A4CD68C00B77C70 /* Preview Assets.xcassets */,
			);
			path = "Preview Content";
			sourceTree = "<group>";
		};
		4855B6D52A4CD96200B77C70 /* Models */ = {
			isa = PBXGroup;
			children = (
				4855B6D12A4CD8E000B77C70 /* WeatherInfo.swift */,
				4855B6D32A4CD95900B77C70 /* Weather.swift */,
			);
			path = Models;
			sourceTree = "<group>";
		};
		4855B6D62A4CDB9A00B77C70 /* Views */ = {
			isa = PBXGroup;
			children = (
				4855B6C12A4CD68A00B77C70 /* WeatherSearchByCityView.swift */,
				4855B6CF2A4CD88B00B77C70 /* WeatherCell.swift */,
			);
			path = Views;
			sourceTree = "<group>";
		};
		4855B6D72A4CDBAB00B77C70 /* Services */ = {
			isa = PBXGroup;
			children = (
				4855B6D82A4CDBD500B77C70 /* WeatherService.swift */,
			);
			path = Services;
			sourceTree = "<group>";
		};
		4855B6DA2A4CE4D900B77C70 /* ViewModel */ = {
			isa = PBXGroup;
			children = (
				4855B6DB2A4CE50200B77C70 /* WeatherSearchViewModel.swift */,
			);
			path = ViewModel;
			sourceTree = "<group>";
		};
		48AE9EFA2A73441D00A18752 /* WeatherSearchByCity */ = {
			isa = PBXGroup;
			children = (
				4855B6D62A4CDB9A00B77C70 /* Views */,
				4855B6DA2A4CE4D900B77C70 /* ViewModel */,
				4855B6D72A4CDBAB00B77C70 /* Services */,
				4855B6D52A4CD96200B77C70 /* Models */,
			);
			path = WeatherSearchByCity;
			sourceTree = "<group>";
		};
		48AE9EFB2A73450100A18752 /* WeatherDetailByCity */ = {
			isa = PBXGroup;
			children = (
				48AE9F1D2A7349E300A18752 /* Models */,
				48AE9F122A7348D600A18752 /* Views */,
			);
			path = WeatherDetailByCity;
			sourceTree = "<group>";
		};
		48AE9F122A7348D600A18752 /* Views */ = {
			isa = PBXGroup;
			children = (
				48AE9F0D2A7348C500A18752 /* WeatherView.swift */,
				48AE9F152A73491000A18752 /* TemperatureBarView.swift */,
				48AE9F0A2A73489600A18752 /* HeaderView.swift */,
				48AE9F0E2A7348C500A18752 /* DailyView.swift */,
				48AE9F0C2A7348C400A18752 /* HourlyView.swift */,
				48AE9F1F2A734DC400A18752 /* HeaderGridView.swift */,
				48AE9F202A734DC400A18752 /* WeatherGridView.swift */,
				48AE9F212A734DC400A18752 /* ScrowGridView.swift */,
				48AE9F132A73491000A18752 /* PaginationView.swift */,
			);
			path = Views;
			sourceTree = "<group>";
		};
		48AE9F1D2A7349E300A18752 /* Models */ = {
			isa = PBXGroup;
			children = (
				48AE9F192A7349A300A18752 /* WeatherGridData.swift */,
				48AE9F1A2A7349A300A18752 /* WeatherData.swift */,
			);
			name = Models;
			path = Views;
			sourceTree = "<group>";
		};
/* End PBXGroup section */

/* Begin PBXNativeTarget section */
		4855B6BB2A4CD68A00B77C70 /* WeatherApp */ = {
			isa = PBXNativeTarget;
			buildConfigurationList = 4855B6CA2A4CD68C00B77C70 /* Build configuration list for PBXNativeTarget "WeatherApp" */;
			buildPhases = (
				4855B6B82A4CD68A00B77C70 /* Sources */,
				4855B6B92A4CD68A00B77C70 /* Frameworks */,
				4855B6BA2A4CD68A00B77C70 /* Resources */,
			);
			buildRules = (
			);
			dependencies = (
			);
			name = WeatherApp;
			productName = WeatherApp;
			productReference = 4855B6BC2A4CD68A00B77C70 /* WeatherApp.app */;
			productType = "com.apple.product-type.application";
		};
/* End PBXNativeTarget section */

/* Begin PBXProject section */
		4855B6B42A4CD68A00B77C70 /* Project object */ = {
			isa = PBXProject;
			attributes = {
				BuildIndependentTargetsInParallel = 1;
				LastSwiftUpdateCheck = 1430;
				LastUpgradeCheck = 1430;
				TargetAttributes = {
					4855B6BB2A4CD68A00B77C70 = {
						CreatedOnToolsVersion = 14.3.1;
					};
				};
			};
			buildConfigurationList = 4855B6B72A4CD68A00B77C70 /* Build configuration list for PBXProject "WeatherApp" */;
			compatibilityVersion = "Xcode 14.0";
			developmentRegion = en;
			hasScannedForEncodings = 0;
			knownRegions = (
				en,
				Base,
			);
			mainGroup = 4855B6B32A4CD68A00B77C70;
			productRefGroup = 4855B6BD2A4CD68A00B77C70 /* Products */;
			projectDirPath = "";
			projectRoot = "";
			targets = (
				4855B6BB2A4CD68A00B77C70 /* WeatherApp */,
			);
		};
/* End PBXProject section */

/* Begin PBXResourcesBuildPhase section */
		4855B6BA2A4CD68A00B77C70 /* Resources */ = {
			isa = PBXResourcesBuildPhase;
			buildActionMask = 2147483647;
			files = (
				4855B6C72A4CD68C00B77C70 /* Preview Assets.xcassets in Resources */,
				4855B6C42A4CD68C00B77C70 /* Assets.xcassets in Resources */,
			);
			runOnlyForDeploymentPostprocessing = 0;
		};
/* End PBXResourcesBuildPhase section */

/* Begin PBXSourcesBuildPhase section */
		4855B6B82A4CD68A00B77C70 /* Sources */ = {
			isa = PBXSourcesBuildPhase;
			buildActionMask = 2147483647;
			files = (
				48AE9F112A7348C500A18752 /* DailyView.swift in Sources */,
				48AE9F102A7348C500A18752 /* WeatherView.swift in Sources */,
				4855B6D92A4CDBD500B77C70 /* WeatherService.swift in Sources */,
				48AE9F182A73491000A18752 /* TemperatureBarView.swift in Sources */,
				48AE9F0B2A73489600A18752 /* HeaderView.swift in Sources */,
				48AE9F1B2A7349A300A18752 /* WeatherGridData.swift in Sources */,
				48AE9F1C2A7349A300A18752 /* WeatherData.swift in Sources */,
				4855B6DC2A4CE50200B77C70 /* WeatherSearchViewModel.swift in Sources */,
				48AE9F222A734DC500A18752 /* HeaderGridView.swift in Sources */,
				4855B6D02A4CD88B00B77C70 /* WeatherCell.swift in Sources */,
				4855B6C22A4CD68A00B77C70 /* WeatherSearchByCityView.swift in Sources */,
				48AE9F0F2A7348C500A18752 /* HourlyView.swift in Sources */,
				4855B6C02A4CD68A00B77C70 /* WeatherAppApp.swift in Sources */,
				4855B6D22A4CD8E000B77C70 /* WeatherInfo.swift in Sources */,
				48AE9F242A734DC500A18752 /* ScrowGridView.swift in Sources */,
				4855B6D42A4CD95900B77C70 /* Weather.swift in Sources */,
				48AE9F162A73491000A18752 /* PaginationView.swift in Sources */,
				4855B6CE2A4CD72600B77C70 /* Utils.swift in Sources */,
				48AE9F232A734DC500A18752 /* WeatherGridView.swift in Sources */,
			);
			runOnlyForDeploymentPostprocessing = 0;
		};
/* End PBXSourcesBuildPhase section */

/* Begin XCBuildConfiguration section */
		4855B6C82A4CD68C00B77C70 /* Debug */ = {
			isa = XCBuildConfiguration;
			buildSettings = {
				ALWAYS_SEARCH_USER_PATHS = NO;
				CLANG_ANALYZER_NONNULL = YES;
				CLANG_ANALYZER_NUMBER_OBJECT_CONVERSION = YES_AGGRESSIVE;
				CLANG_CXX_LANGUAGE_STANDARD = "gnu++20";
				CLANG_ENABLE_MODULES = YES;
				CLANG_ENABLE_OBJC_ARC = YES;
				CLANG_ENABLE_OBJC_WEAK = YES;
				CLANG_WARN_BLOCK_CAPTURE_AUTORELEASING = YES;
				CLANG_WARN_BOOL_CONVERSION = YES;
				CLANG_WARN_COMMA = YES;
				CLANG_WARN_CONSTANT_CONVERSION = YES;
				CLANG_WARN_DEPRECATED_OBJC_IMPLEMENTATIONS = YES;
				CLANG_WARN_DIRECT_OBJC_ISA_USAGE = YES_ERROR;
				CLANG_WARN_DOCUMENTATION_COMMENTS = YES;
				CLANG_WARN_EMPTY_BODY = YES;
				CLANG_WARN_ENUM_CONVERSION = YES;
				CLANG_WARN_INFINITE_RECURSION = YES;
				CLANG_WARN_INT_CONVERSION = YES;
				CLANG_WARN_NON_LITERAL_NULL_CONVERSION = YES;
				CLANG_WARN_OBJC_IMPLICIT_RETAIN_SELF = YES;
				CLANG_WARN_OBJC_LITERAL_CONVERSION = YES;
				CLANG_WARN_OBJC_ROOT_CLASS = YES_ERROR;
				CLANG_WARN_QUOTED_INCLUDE_IN_FRAMEWORK_HEADER = YES;
				CLANG_WARN_RANGE_LOOP_ANALYSIS = YES;
				CLANG_WARN_STRICT_PROTOTYPES = YES;
				CLANG_WARN_SUSPICIOUS_MOVE = YES;
				CLANG_WARN_UNGUARDED_AVAILABILITY = YES_AGGRESSIVE;
				CLANG_WARN_UNREACHABLE_CODE = YES;
				CLANG_WARN__DUPLICATE_METHOD_MATCH = YES;
				COPY_PHASE_STRIP = NO;
				DEBUG_INFORMATION_FORMAT = dwarf;
				ENABLE_STRICT_OBJC_MSGSEND = YES;
				ENABLE_TESTABILITY = YES;
				GCC_C_LANGUAGE_STANDARD = gnu11;
				GCC_DYNAMIC_NO_PIC = NO;
				GCC_NO_COMMON_BLOCKS = YES;
				GCC_OPTIMIZATION_LEVEL = 0;
				GCC_PREPROCESSOR_DEFINITIONS = (
					"DEBUG=1",
					"$(inherited)",
				);
				GCC_WARN_64_TO_32_BIT_CONVERSION = YES;
				GCC_WARN_ABOUT_RETURN_TYPE = YES_ERROR;
				GCC_WARN_UNDECLARED_SELECTOR = YES;
				GCC_WARN_UNINITIALIZED_AUTOS = YES_AGGRESSIVE;
				GCC_WARN_UNUSED_FUNCTION = YES;
				GCC_WARN_UNUSED_VARIABLE = YES;
				IPHONEOS_DEPLOYMENT_TARGET = 16.4;
				MTL_ENABLE_DEBUG_INFO = INCLUDE_SOURCE;
				MTL_FAST_MATH = YES;
				ONLY_ACTIVE_ARCH = YES;
				SDKROOT = iphoneos;
				SWIFT_ACTIVE_COMPILATION_CONDITIONS = DEBUG;
				SWIFT_OPTIMIZATION_LEVEL = "-Onone";
			};
			name = Debug;
		};
		4855B6C92A4CD68C00B77C70 /* Release */ = {
			isa = XCBuildConfiguration;
			buildSettings = {
				ALWAYS_SEARCH_USER_PATHS = NO;
				CLANG_ANALYZER_NONNULL = YES;
				CLANG_ANALYZER_NUMBER_OBJECT_CONVERSION = YES_AGGRESSIVE;
				CLANG_CXX_LANGUAGE_STANDARD = "gnu++20";
				CLANG_ENABLE_MODULES = YES;
				CLANG_ENABLE_OBJC_ARC = YES;
				CLANG_ENABLE_OBJC_WEAK = YES;
				CLANG_WARN_BLOCK_CAPTURE_AUTORELEASING = YES;
				CLANG_WARN_BOOL_CONVERSION = YES;
				CLANG_WARN_COMMA = YES;
				CLANG_WARN_CONSTANT_CONVERSION = YES;
				CLANG_WARN_DEPRECATED_OBJC_IMPLEMENTATIONS = YES;
				CLANG_WARN_DIRECT_OBJC_ISA_USAGE = YES_ERROR;
				CLANG_WARN_DOCUMENTATION_COMMENTS = YES;
				CLANG_WARN_EMPTY_BODY = YES;
				CLANG_WARN_ENUM_CONVERSION = YES;
				CLANG_WARN_INFINITE_RECURSION = YES;
				CLANG_WARN_INT_CONVERSION = YES;
				CLANG_WARN_NON_LITERAL_NULL_CONVERSION = YES;
				CLANG_WARN_OBJC_IMPLICIT_RETAIN_SELF = YES;
				CLANG_WARN_OBJC_LITERAL_CONVERSION = YES;
				CLANG_WARN_OBJC_ROOT_CLASS = YES_ERROR;
				CLANG_WARN_QUOTED_INCLUDE_IN_FRAMEWORK_HEADER = YES;
				CLANG_WARN_RANGE_LOOP_ANALYSIS = YES;
				CLANG_WARN_STRICT_PROTOTYPES = YES;
				CLANG_WARN_SUSPICIOUS_MOVE = YES;
				CLANG_WARN_UNGUARDED_AVAILABILITY = YES_AGGRESSIVE;
				CLANG_WARN_UNREACHABLE_CODE = YES;
				CLANG_WARN__DUPLICATE_METHOD_MATCH = YES;
				COPY_PHASE_STRIP = NO;
				DEBUG_INFORMATION_FORMAT = "dwarf-with-dsym";
				ENABLE_NS_ASSERTIONS = NO;
				ENABLE_STRICT_OBJC_MSGSEND = YES;
				GCC_C_LANGUAGE_STANDARD = gnu11;
				GCC_NO_COMMON_BLOCKS = YES;
				GCC_WARN_64_TO_32_BIT_CONVERSION = YES;
				GCC_WARN_ABOUT_RETURN_TYPE = YES_ERROR;
				GCC_WARN_UNDECLARED_SELECTOR = YES;
				GCC_WARN_UNINITIALIZED_AUTOS = YES_AGGRESSIVE;
				GCC_WARN_UNUSED_FUNCTION = YES;
				GCC_WARN_UNUSED_VARIABLE = YES;
				IPHONEOS_DEPLOYMENT_TARGET = 16.4;
				MTL_ENABLE_DEBUG_INFO = NO;
				MTL_FAST_MATH = YES;
				SDKROOT = iphoneos;
				SWIFT_COMPILATION_MODE = wholemodule;
				SWIFT_OPTIMIZATION_LEVEL = "-O";
				VALIDATE_PRODUCT = YES;
			};
			name = Release;
		};
		4855B6CB2A4CD68C00B77C70 /* Debug */ = {
			isa = XCBuildConfiguration;
			buildSettings = {
				ASSETCATALOG_COMPILER_APPICON_NAME = AppIcon;
				ASSETCATALOG_COMPILER_GLOBAL_ACCENT_COLOR_NAME = AccentColor;
				CODE_SIGN_STYLE = Automatic;
				CURRENT_PROJECT_VERSION = 1;
				DEVELOPMENT_ASSET_PATHS = "\"WeatherApp/Preview Content\"";
				DEVELOPMENT_TEAM = UY7544MY99;
				ENABLE_PREVIEWS = YES;
				GENERATE_INFOPLIST_FILE = YES;
				INFOPLIST_KEY_UIApplicationSceneManifest_Generation = YES;
				INFOPLIST_KEY_UIApplicationSupportsIndirectInputEvents = YES;
				INFOPLIST_KEY_UILaunchScreen_Generation = YES;
				INFOPLIST_KEY_UISupportedInterfaceOrientations_iPad = "UIInterfaceOrientationPortrait UIInterfaceOrientationPortraitUpsideDown UIInterfaceOrientationLandscapeLeft UIInterfaceOrientationLandscapeRight";
				INFOPLIST_KEY_UISupportedInterfaceOrientations_iPhone = "UIInterfaceOrientationPortrait UIInterfaceOrientationLandscapeLeft UIInterfaceOrientationLandscapeRight";
				LD_RUNPATH_SEARCH_PATHS = (
					"$(inherited)",
					"@executable_path/Frameworks",
				);
				MARKETING_VERSION = 1.0;
				PRODUCT_BUNDLE_IDENTIFIER = com.iosdev.WeatherApp;
				PRODUCT_NAME = "$(TARGET_NAME)";
				SWIFT_EMIT_LOC_STRINGS = YES;
				SWIFT_VERSION = 5.0;
				TARGETED_DEVICE_FAMILY = "1,2";
			};
			name = Debug;
		};
		4855B6CC2A4CD68C00B77C70 /* Release */ = {
			isa = XCBuildConfiguration;
			buildSettings = {
				ASSETCATALOG_COMPILER_APPICON_NAME = AppIcon;
				ASSETCATALOG_COMPILER_GLOBAL_ACCENT_COLOR_NAME = AccentColor;
				CODE_SIGN_STYLE = Automatic;
				CURRENT_PROJECT_VERSION = 1;
				DEVELOPMENT_ASSET_PATHS = "\"WeatherApp/Preview Content\"";
				DEVELOPMENT_TEAM = UY7544MY99;
				ENABLE_PREVIEWS = YES;
				GENERATE_INFOPLIST_FILE = YES;
				INFOPLIST_KEY_UIApplicationSceneManifest_Generation = YES;
				INFOPLIST_KEY_UIApplicationSupportsIndirectInputEvents = YES;
				INFOPLIST_KEY_UILaunchScreen_Generation = YES;
				INFOPLIST_KEY_UISupportedInterfaceOrientations_iPad = "UIInterfaceOrientationPortrait UIInterfaceOrientationPortraitUpsideDown UIInterfaceOrientationLandscapeLeft UIInterfaceOrientationLandscapeRight";
				INFOPLIST_KEY_UISupportedInterfaceOrientations_iPhone = "UIInterfaceOrientationPortrait UIInterfaceOrientationLandscapeLeft UIInterfaceOrientationLandscapeRight";
				LD_RUNPATH_SEARCH_PATHS = (
					"$(inherited)",
					"@executable_path/Frameworks",
				);
				MARKETING_VERSION = 1.0;
				PRODUCT_BUNDLE_IDENTIFIER = com.iosdev.WeatherApp;
				PRODUCT_NAME = "$(TARGET_NAME)";
				SWIFT_EMIT_LOC_STRINGS = YES;
				SWIFT_VERSION = 5.0;
				TARGETED_DEVICE_FAMILY = "1,2";
			};
			name = Release;
		};
/* End XCBuildConfiguration section */

/* Begin XCConfigurationList section */
		4855B6B72A4CD68A00B77C70 /* Build configuration list for PBXProject "WeatherApp" */ = {
			isa = XCConfigurationList;
			buildConfigurations = (
				4855B6C82A4CD68C00B77C70 /* Debug */,
				4855B6C92A4CD68C00B77C70 /* Release */,
			);
			defaultConfigurationIsVisible = 0;
			defaultConfigurationName = Release;
		};
		4855B6CA2A4CD68C00B77C70 /* Build configuration list for PBXNativeTarget "WeatherApp" */ = {
			isa = XCConfigurationList;
			buildConfigurations = (
				4855B6CB2A4CD68C00B77C70 /* Debug */,
				4855B6CC2A4CD68C00B77C70 /* Release */,
			);
			defaultConfigurationIsVisible = 0;
			defaultConfigurationName = Release;
		};
/* End XCConfigurationList section */
	};
	rootObject = 4855B6B42A4CD68A00B77C70 /* Project object */;
}
