// !$*UTF8*$!
{
	archiveVersion = 1;
	classes = {
	};
	objectVersion = 56;
	objects = {

/* Begin PBXBuildFile section */
		480CF2CD2AAF877600DBCCBF /* WeatherIconProvider.swift in Sources */ = {isa = PBXBuildFile; fileRef = 480CF2CC2AAF877600DBCCBF /* WeatherIconProvider.swift */; };
		483A21082A9FB85D00A81EAD /* HeaderInfoVIew.swift in Sources */ = {isa = PBXBuildFile; fileRef = 483A21072A9FB85D00A81EAD /* HeaderInfoVIew.swift */; };
		483A210A2A9FBA1F00A81EAD /* ScrollMainView.swift in Sources */ = {isa = PBXBuildFile; fileRef = 483A21092A9FBA1F00A81EAD /* ScrollMainView.swift */; };
		483A210C2AA0196700A81EAD /* TabViewBottom.swift in Sources */ = {isa = PBXBuildFile; fileRef = 483A210B2AA0196700A81EAD /* TabViewBottom.swift */; };
		483A21112AA01A9800A81EAD /* SearchView.swift in Sources */ = {isa = PBXBuildFile; fileRef = 483A21102AA01A9800A81EAD /* SearchView.swift */; };
		483A21132AA04D6100A81EAD /* WeatherCellView.swift in Sources */ = {isa = PBXBuildFile; fileRef = 483A21122AA04D6100A81EAD /* WeatherCellView.swift */; };
		483A21162AA0F16200A81EAD /* RestAPIService.swift in Sources */ = {isa = PBXBuildFile; fileRef = 483A21152AA0F16200A81EAD /* RestAPIService.swift */; };
		484222802A9D26B0001527F1 /* Images.xcassets in Resources */ = {isa = PBXBuildFile; fileRef = 4842227F2A9D26B0001527F1 /* Images.xcassets */; };
		484222822A9D2A15001527F1 /* LandingView.swift in Sources */ = {isa = PBXBuildFile; fileRef = 484222812A9D2A15001527F1 /* LandingView.swift */; };
		48425CC92AA9304000E02C73 /* conditions.json in Resources */ = {isa = PBXBuildFile; fileRef = 48425CC82AA9304000E02C73 /* conditions.json */; };
		48425CCD2AAB8AF100E02C73 /* Testing.swift in Sources */ = {isa = PBXBuildFile; fileRef = 48425CCC2AAB8AF100E02C73 /* Testing.swift */; };
		4855B6C02A4CD68A00B77C70 /* WeatherApp.swift in Sources */ = {isa = PBXBuildFile; fileRef = 4855B6BF2A4CD68A00B77C70 /* WeatherApp.swift */; };
		4855B6CE2A4CD72600B77C70 /* Utils.swift in Sources */ = {isa = PBXBuildFile; fileRef = 4855B6CD2A4CD72600B77C70 /* Utils.swift */; };
		487696AA2A847C7C002C0094 /* LocationManager.swift in Sources */ = {isa = PBXBuildFile; fileRef = 487696A92A847C7C002C0094 /* LocationManager.swift */; };
		489013C92AA173D200DCD8D6 /* ViewModelWeather.swift in Sources */ = {isa = PBXBuildFile; fileRef = 489013C82AA173D200DCD8D6 /* ViewModelWeather.swift */; };
		489ECD4E2A9EC073002C6550 /* MainView.swift in Sources */ = {isa = PBXBuildFile; fileRef = 489ECD4D2A9EC073002C6550 /* MainView.swift */; };
		489ECD502A9EC42A002C6550 /* BackgroundView.swift in Sources */ = {isa = PBXBuildFile; fileRef = 489ECD4F2A9EC42A002C6550 /* BackgroundView.swift */; };
		48ADF42C2AA2A8D60006E1BA /* ModelWeather.swift in Sources */ = {isa = PBXBuildFile; fileRef = 48ADF42B2AA2A8D60006E1BA /* ModelWeather.swift */; };
		48ADF42E2AA2A8E50006E1BA /* ModelCity.swift in Sources */ = {isa = PBXBuildFile; fileRef = 48ADF42D2AA2A8E50006E1BA /* ModelCity.swift */; };
		48AE9F112A7348C500A18752 /* DailyView.swift in Sources */ = {isa = PBXBuildFile; fileRef = 48AE9F0E2A7348C500A18752 /* DailyView.swift */; };
		48AE9F242A734DC500A18752 /* ScrowGridView.swift in Sources */ = {isa = PBXBuildFile; fileRef = 48AE9F212A734DC400A18752 /* ScrowGridView.swift */; };
/* End PBXBuildFile section */

/* Begin PBXFileReference section */
		480CF2CC2AAF877600DBCCBF /* WeatherIconProvider.swift */ = {isa = PBXFileReference; lastKnownFileType = sourcecode.swift; path = WeatherIconProvider.swift; sourceTree = "<group>"; };
		483A21072A9FB85D00A81EAD /* HeaderInfoVIew.swift */ = {isa = PBXFileReference; lastKnownFileType = sourcecode.swift; path = HeaderInfoVIew.swift; sourceTree = "<group>"; };
		483A21092A9FBA1F00A81EAD /* ScrollMainView.swift */ = {isa = PBXFileReference; lastKnownFileType = sourcecode.swift; path = ScrollMainView.swift; sourceTree = "<group>"; };
		483A210B2AA0196700A81EAD /* TabViewBottom.swift */ = {isa = PBXFileReference; lastKnownFileType = sourcecode.swift; path = TabViewBottom.swift; sourceTree = "<group>"; };
		483A21102AA01A9800A81EAD /* SearchView.swift */ = {isa = PBXFileReference; lastKnownFileType = sourcecode.swift; path = SearchView.swift; sourceTree = "<group>"; };
		483A21122AA04D6100A81EAD /* WeatherCellView.swift */ = {isa = PBXFileReference; lastKnownFileType = sourcecode.swift; path = WeatherCellView.swift; sourceTree = "<group>"; };
		483A21152AA0F16200A81EAD /* RestAPIService.swift */ = {isa = PBXFileReference; lastKnownFileType = sourcecode.swift; path = RestAPIService.swift; sourceTree = "<group>"; };
		483A21172AA118F600A81EAD /* Info.plist */ = {isa = PBXFileReference; lastKnownFileType = text.plist; path = Info.plist; sourceTree = "<group>"; };
		4842227F2A9D26B0001527F1 /* Images.xcassets */ = {isa = PBXFileReference; lastKnownFileType = folder.assetcatalog; path = Images.xcassets; sourceTree = "<group>"; };
		484222812A9D2A15001527F1 /* LandingView.swift */ = {isa = PBXFileReference; lastKnownFileType = sourcecode.swift; path = LandingView.swift; sourceTree = "<group>"; };
		48425CC82AA9304000E02C73 /* conditions.json */ = {isa = PBXFileReference; lastKnownFileType = text.json; path = conditions.json; sourceTree = "<group>"; };
		48425CCC2AAB8AF100E02C73 /* Testing.swift */ = {isa = PBXFileReference; lastKnownFileType = sourcecode.swift; path = Testing.swift; sourceTree = "<group>"; };
		4855B6BC2A4CD68A00B77C70 /* WeatherApp.app */ = {isa = PBXFileReference; explicitFileType = wrapper.application; includeInIndex = 0; path = WeatherApp.app; sourceTree = BUILT_PRODUCTS_DIR; };
		4855B6BF2A4CD68A00B77C70 /* WeatherApp.swift */ = {isa = PBXFileReference; lastKnownFileType = sourcecode.swift; path = WeatherApp.swift; sourceTree = "<group>"; };
		4855B6CD2A4CD72600B77C70 /* Utils.swift */ = {isa = PBXFileReference; lastKnownFileType = sourcecode.swift; path = Utils.swift; sourceTree = "<group>"; };
		487696A92A847C7C002C0094 /* LocationManager.swift */ = {isa = PBXFileReference; lastKnownFileType = sourcecode.swift; path = LocationManager.swift; sourceTree = "<group>"; };
		489013C82AA173D200DCD8D6 /* ViewModelWeather.swift */ = {isa = PBXFileReference; lastKnownFileType = sourcecode.swift; path = ViewModelWeather.swift; sourceTree = "<group>"; };
		489ECD4D2A9EC073002C6550 /* MainView.swift */ = {isa = PBXFileReference; lastKnownFileType = sourcecode.swift; path = MainView.swift; sourceTree = "<group>"; };
		489ECD4F2A9EC42A002C6550 /* BackgroundView.swift */ = {isa = PBXFileReference; lastKnownFileType = sourcecode.swift; path = BackgroundView.swift; sourceTree = "<group>"; };
		48ADF42B2AA2A8D60006E1BA /* ModelWeather.swift */ = {isa = PBXFileReference; lastKnownFileType = sourcecode.swift; path = ModelWeather.swift; sourceTree = "<group>"; };
		48ADF42D2AA2A8E50006E1BA /* ModelCity.swift */ = {isa = PBXFileReference; lastKnownFileType = sourcecode.swift; path = ModelCity.swift; sourceTree = "<group>"; };
		48AE9F0E2A7348C500A18752 /* DailyView.swift */ = {isa = PBXFileReference; fileEncoding = 4; lastKnownFileType = sourcecode.swift; path = DailyView.swift; sourceTree = "<group>"; };
		48AE9F212A734DC400A18752 /* ScrowGridView.swift */ = {isa = PBXFileReference; fileEncoding = 4; lastKnownFileType = sourcecode.swift; path = ScrowGridView.swift; sourceTree = "<group>"; };
/* End PBXFileReference section */

/* Begin PBXFrameworksBuildPhase section */
		4855B6B92A4CD68A00B77C70 /* Frameworks */ = {
			isa = PBXFrameworksBuildPhase;
			buildActionMask = 2147483647;
			files = (
			);
			runOnlyForDeploymentPostprocessing = 0;
		};
/* End PBXFrameworksBuildPhase section */

/* Begin PBXGroup section */
		483A210E2AA01A0D00A81EAD /* Main */ = {
			isa = PBXGroup;
			children = (
				489ECD4D2A9EC073002C6550 /* MainView.swift */,
				489ECD4F2A9EC42A002C6550 /* BackgroundView.swift */,
				484222812A9D2A15001527F1 /* LandingView.swift */,
				483A21092A9FBA1F00A81EAD /* ScrollMainView.swift */,
				483A21072A9FB85D00A81EAD /* HeaderInfoVIew.swift */,
				48AE9F0E2A7348C500A18752 /* DailyView.swift */,
				48AE9F212A734DC400A18752 /* ScrowGridView.swift */,
				483A210B2AA0196700A81EAD /* TabViewBottom.swift */,
			);
			path = Main;
			sourceTree = "<group>";
		};
		483A210F2AA01A4500A81EAD /* Search */ = {
			isa = PBXGroup;
			children = (
				483A21102AA01A9800A81EAD /* SearchView.swift */,
				483A21122AA04D6100A81EAD /* WeatherCellView.swift */,
			);
			path = Search;
			sourceTree = "<group>";
		};
		483A21142AA0F0B400A81EAD /* Service */ = {
			isa = PBXGroup;
			children = (
				483A21152AA0F16200A81EAD /* RestAPIService.swift */,
				487696A92A847C7C002C0094 /* LocationManager.swift */,
			);
			path = Service;
			sourceTree = "<group>";
		};
		4855B6B32A4CD68A00B77C70 = {
			isa = PBXGroup;
			children = (
				4855B6BE2A4CD68A00B77C70 /* WeatherApp */,
				4855B6BD2A4CD68A00B77C70 /* Products */,
			);
			sourceTree = "<group>";
		};
		4855B6BD2A4CD68A00B77C70 /* Products */ = {
			isa = PBXGroup;
			children = (
				4855B6BC2A4CD68A00B77C70 /* WeatherApp.app */,
			);
			name = Products;
			sourceTree = "<group>";
		};
		4855B6BE2A4CD68A00B77C70 /* WeatherApp */ = {
			isa = PBXGroup;
			children = (
				483A21172AA118F600A81EAD /* Info.plist */,
				489ECD512A9EC8BE002C6550 /* View */,
				48ADF4292AA2A5C50006E1BA /* Model */,
				48ADF42A2AA2A5D60006E1BA /* ViewModel */,
				483A21142AA0F0B400A81EAD /* Service */,
				4855B6BF2A4CD68A00B77C70 /* WeatherApp.swift */,
				4855B6CD2A4CD72600B77C70 /* Utils.swift */,
				4842227F2A9D26B0001527F1 /* Images.xcassets */,
				4855B6C52A4CD68C00B77C70 /* Preview Content */,
			);
			path = WeatherApp;
			sourceTree = "<group>";
		};
		4855B6C52A4CD68C00B77C70 /* Preview Content */ = {
			isa = PBXGroup;
			children = (
			);
			path = "Preview Content";
			sourceTree = "<group>";
		};
		489ECD512A9EC8BE002C6550 /* View */ = {
			isa = PBXGroup;
			children = (
				483A210E2AA01A0D00A81EAD /* Main */,
				483A210F2AA01A4500A81EAD /* Search */,
			);
			path = View;
			sourceTree = "<group>";
		};
		48ADF4292AA2A5C50006E1BA /* Model */ = {
			isa = PBXGroup;
			children = (
				48ADF42B2AA2A8D60006E1BA /* ModelWeather.swift */,
				48ADF42D2AA2A8E50006E1BA /* ModelCity.swift */,
				480CF2CC2AAF877600DBCCBF /* WeatherIconProvider.swift */,
				48425CC82AA9304000E02C73 /* conditions.json */,
			);
			path = Model;
			sourceTree = "<group>";
		};
		48ADF42A2AA2A5D60006E1BA /* ViewModel */ = {
			isa = PBXGroup;
			children = (
				489013C82AA173D200DCD8D6 /* ViewModelWeather.swift */,
				48425CCC2AAB8AF100E02C73 /* Testing.swift */,
			);
			path = ViewModel;
			sourceTree = "<group>";
		};
/* End PBXGroup section */

/* Begin PBXNativeTarget section */
		4855B6BB2A4CD68A00B77C70 /* WeatherApp */ = {
			isa = PBXNativeTarget;
			buildConfigurationList = 4855B6CA2A4CD68C00B77C70 /* Build configuration list for PBXNativeTarget "WeatherApp" */;
			buildPhases = (
				4855B6B82A4CD68A00B77C70 /* Sources */,
				4855B6B92A4CD68A00B77C70 /* Frameworks */,
				4855B6BA2A4CD68A00B77C70 /* Resources */,
			);
			buildRules = (
			);
			dependencies = (
			);
			name = WeatherApp;
			productName = WeatherApp;
			productReference = 4855B6BC2A4CD68A00B77C70 /* WeatherApp.app */;
			productType = "com.apple.product-type.application";
		};
/* End PBXNativeTarget section */

/* Begin PBXProject section */
		4855B6B42A4CD68A00B77C70 /* Project object */ = {
			isa = PBXProject;
			attributes = {
				BuildIndependentTargetsInParallel = 1;
				LastSwiftUpdateCheck = 1430;
				LastUpgradeCheck = 1430;
				TargetAttributes = {
					4855B6BB2A4CD68A00B77C70 = {
						CreatedOnToolsVersion = 14.3.1;
					};
				};
			};
			buildConfigurationList = 4855B6B72A4CD68A00B77C70 /* Build configuration list for PBXProject "WeatherApp" */;
			compatibilityVersion = "Xcode 14.0";
			developmentRegion = en;
			hasScannedForEncodings = 0;
			knownRegions = (
				en,
				Base,
			);
			mainGroup = 4855B6B32A4CD68A00B77C70;
			productRefGroup = 4855B6BD2A4CD68A00B77C70 /* Products */;
			projectDirPath = "";
			projectRoot = "";
			targets = (
				4855B6BB2A4CD68A00B77C70 /* WeatherApp */,
			);
		};
/* End PBXProject section */

/* Begin PBXResourcesBuildPhase section */
		4855B6BA2A4CD68A00B77C70 /* Resources */ = {
			isa = PBXResourcesBuildPhase;
			buildActionMask = 2147483647;
			files = (
				48425CC92AA9304000E02C73 /* conditions.json in Resources */,
				484222802A9D26B0001527F1 /* Images.xcassets in Resources */,
			);
			runOnlyForDeploymentPostprocessing = 0;
		};
/* End PBXResourcesBuildPhase section */

/* Begin PBXSourcesBuildPhase section */
		4855B6B82A4CD68A00B77C70 /* Sources */ = {
			isa = PBXSourcesBuildPhase;
			buildActionMask = 2147483647;
			files = (
				48AE9F112A7348C500A18752 /* DailyView.swift in Sources */,
				487696AA2A847C7C002C0094 /* LocationManager.swift in Sources */,
				483A21162AA0F16200A81EAD /* RestAPIService.swift in Sources */,
				489ECD502A9EC42A002C6550 /* BackgroundView.swift in Sources */,
				483A210C2AA0196700A81EAD /* TabViewBottom.swift in Sources */,
				489ECD4E2A9EC073002C6550 /* MainView.swift in Sources */,
				483A210A2A9FBA1F00A81EAD /* ScrollMainView.swift in Sources */,
				489013C92AA173D200DCD8D6 /* ViewModelWeather.swift in Sources */,
				484222822A9D2A15001527F1 /* LandingView.swift in Sources */,
				48425CCD2AAB8AF100E02C73 /* Testing.swift in Sources */,
				48ADF42C2AA2A8D60006E1BA /* ModelWeather.swift in Sources */,
				48ADF42E2AA2A8E50006E1BA /* ModelCity.swift in Sources */,
				4855B6C02A4CD68A00B77C70 /* WeatherApp.swift in Sources */,
				483A21112AA01A9800A81EAD /* SearchView.swift in Sources */,
				483A21132AA04D6100A81EAD /* WeatherCellView.swift in Sources */,
				480CF2CD2AAF877600DBCCBF /* WeatherIconProvider.swift in Sources */,
				48AE9F242A734DC500A18752 /* ScrowGridView.swift in Sources */,
				4855B6CE2A4CD72600B77C70 /* Utils.swift in Sources */,
				483A21082A9FB85D00A81EAD /* HeaderInfoVIew.swift in Sources */,
			);
			runOnlyForDeploymentPostprocessing = 0;
		};
/* End PBXSourcesBuildPhase section */

/* Begin XCBuildConfiguration section */
		4855B6C82A4CD68C00B77C70 /* Debug */ = {
			isa = XCBuildConfiguration;
			buildSettings = {
				ALWAYS_SEARCH_USER_PATHS = NO;
				CLANG_ANALYZER_NONNULL = YES;
				CLANG_ANALYZER_NUMBER_OBJECT_CONVERSION = YES_AGGRESSIVE;
				CLANG_CXX_LANGUAGE_STANDARD = "gnu++20";
				CLANG_ENABLE_MODULES = YES;
				CLANG_ENABLE_OBJC_ARC = YES;
				CLANG_ENABLE_OBJC_WEAK = YES;
				CLANG_WARN_BLOCK_CAPTURE_AUTORELEASING = YES;
				CLANG_WARN_BOOL_CONVERSION = YES;
				CLANG_WARN_COMMA = YES;
				CLANG_WARN_CONSTANT_CONVERSION = YES;
				CLANG_WARN_DEPRECATED_OBJC_IMPLEMENTATIONS = YES;
				CLANG_WARN_DIRECT_OBJC_ISA_USAGE = YES_ERROR;
				CLANG_WARN_DOCUMENTATION_COMMENTS = YES;
				CLANG_WARN_EMPTY_BODY = YES;
				CLANG_WARN_ENUM_CONVERSION = YES;
				CLANG_WARN_INFINITE_RECURSION = YES;
				CLANG_WARN_INT_CONVERSION = YES;
				CLANG_WARN_NON_LITERAL_NULL_CONVERSION = YES;
				CLANG_WARN_OBJC_IMPLICIT_RETAIN_SELF = YES;
				CLANG_WARN_OBJC_LITERAL_CONVERSION = YES;
				CLANG_WARN_OBJC_ROOT_CLASS = YES_ERROR;
				CLANG_WARN_QUOTED_INCLUDE_IN_FRAMEWORK_HEADER = YES;
				CLANG_WARN_RANGE_LOOP_ANALYSIS = YES;
				CLANG_WARN_STRICT_PROTOTYPES = YES;
				CLANG_WARN_SUSPICIOUS_MOVE = YES;
				CLANG_WARN_UNGUARDED_AVAILABILITY = YES_AGGRESSIVE;
				CLANG_WARN_UNREACHABLE_CODE = YES;
				CLANG_WARN__DUPLICATE_METHOD_MATCH = YES;
				COPY_PHASE_STRIP = NO;
				DEBUG_INFORMATION_FORMAT = dwarf;
				ENABLE_STRICT_OBJC_MSGSEND = YES;
				ENABLE_TESTABILITY = YES;
				GCC_C_LANGUAGE_STANDARD = gnu11;
				GCC_DYNAMIC_NO_PIC = NO;
				GCC_NO_COMMON_BLOCKS = YES;
				GCC_OPTIMIZATION_LEVEL = 0;
				GCC_PREPROCESSOR_DEFINITIONS = (
					"DEBUG=1",
					"$(inherited)",
				);
				GCC_WARN_64_TO_32_BIT_CONVERSION = YES;
				GCC_WARN_ABOUT_RETURN_TYPE = YES_ERROR;
				GCC_WARN_UNDECLARED_SELECTOR = YES;
				GCC_WARN_UNINITIALIZED_AUTOS = YES_AGGRESSIVE;
				GCC_WARN_UNUSED_FUNCTION = YES;
				GCC_WARN_UNUSED_VARIABLE = YES;
				IPHONEOS_DEPLOYMENT_TARGET = 16.4;
				MTL_ENABLE_DEBUG_INFO = INCLUDE_SOURCE;
				MTL_FAST_MATH = YES;
				ONLY_ACTIVE_ARCH = YES;
				SDKROOT = iphoneos;
				SWIFT_ACTIVE_COMPILATION_CONDITIONS = DEBUG;
				SWIFT_OPTIMIZATION_LEVEL = "-Onone";
			};
			name = Debug;
		};
		4855B6C92A4CD68C00B77C70 /* Release */ = {
			isa = XCBuildConfiguration;
			buildSettings = {
				ALWAYS_SEARCH_USER_PATHS = NO;
				CLANG_ANALYZER_NONNULL = YES;
				CLANG_ANALYZER_NUMBER_OBJECT_CONVERSION = YES_AGGRESSIVE;
				CLANG_CXX_LANGUAGE_STANDARD = "gnu++20";
				CLANG_ENABLE_MODULES = YES;
				CLANG_ENABLE_OBJC_ARC = YES;
				CLANG_ENABLE_OBJC_WEAK = YES;
				CLANG_WARN_BLOCK_CAPTURE_AUTORELEASING = YES;
				CLANG_WARN_BOOL_CONVERSION = YES;
				CLANG_WARN_COMMA = YES;
				CLANG_WARN_CONSTANT_CONVERSION = YES;
				CLANG_WARN_DEPRECATED_OBJC_IMPLEMENTATIONS = YES;
				CLANG_WARN_DIRECT_OBJC_ISA_USAGE = YES_ERROR;
				CLANG_WARN_DOCUMENTATION_COMMENTS = YES;
				CLANG_WARN_EMPTY_BODY = YES;
				CLANG_WARN_ENUM_CONVERSION = YES;
				CLANG_WARN_INFINITE_RECURSION = YES;
				CLANG_WARN_INT_CONVERSION = YES;
				CLANG_WARN_NON_LITERAL_NULL_CONVERSION = YES;
				CLANG_WARN_OBJC_IMPLICIT_RETAIN_SELF = YES;
				CLANG_WARN_OBJC_LITERAL_CONVERSION = YES;
				CLANG_WARN_OBJC_ROOT_CLASS = YES_ERROR;
				CLANG_WARN_QUOTED_INCLUDE_IN_FRAMEWORK_HEADER = YES;
				CLANG_WARN_RANGE_LOOP_ANALYSIS = YES;
				CLANG_WARN_STRICT_PROTOTYPES = YES;
				CLANG_WARN_SUSPICIOUS_MOVE = YES;
				CLANG_WARN_UNGUARDED_AVAILABILITY = YES_AGGRESSIVE;
				CLANG_WARN_UNREACHABLE_CODE = YES;
				CLANG_WARN__DUPLICATE_METHOD_MATCH = YES;
				COPY_PHASE_STRIP = NO;
				DEBUG_INFORMATION_FORMAT = "dwarf-with-dsym";
				ENABLE_NS_ASSERTIONS = NO;
				ENABLE_STRICT_OBJC_MSGSEND = YES;
				GCC_C_LANGUAGE_STANDARD = gnu11;
				GCC_NO_COMMON_BLOCKS = YES;
				GCC_WARN_64_TO_32_BIT_CONVERSION = YES;
				GCC_WARN_ABOUT_RETURN_TYPE = YES_ERROR;
				GCC_WARN_UNDECLARED_SELECTOR = YES;
				GCC_WARN_UNINITIALIZED_AUTOS = YES_AGGRESSIVE;
				GCC_WARN_UNUSED_FUNCTION = YES;
				GCC_WARN_UNUSED_VARIABLE = YES;
				IPHONEOS_DEPLOYMENT_TARGET = 16.4;
				MTL_ENABLE_DEBUG_INFO = NO;
				MTL_FAST_MATH = YES;
				SDKROOT = iphoneos;
				SWIFT_COMPILATION_MODE = wholemodule;
				SWIFT_OPTIMIZATION_LEVEL = "-O";
				VALIDATE_PRODUCT = YES;
			};
			name = Release;
		};
		4855B6CB2A4CD68C00B77C70 /* Debug */ = {
			isa = XCBuildConfiguration;
			buildSettings = {
				ASSETCATALOG_COMPILER_APPICON_NAME = AppIcon;
				ASSETCATALOG_COMPILER_GLOBAL_ACCENT_COLOR_NAME = AccentColor;
				CODE_SIGN_STYLE = Automatic;
				CURRENT_PROJECT_VERSION = 1;
				DEVELOPMENT_ASSET_PATHS = "\"WeatherApp/Preview Content\"";
				DEVELOPMENT_TEAM = UY7544MY99;
				ENABLE_PREVIEWS = YES;
				GENERATE_INFOPLIST_FILE = YES;
				INFOPLIST_FILE = WeatherApp/Info.plist;
				INFOPLIST_KEY_NSLocationAlwaysAndWhenInUseUsageDescription = "This app needs your location to retrieve data";
				INFOPLIST_KEY_NSLocationWhenInUseUsageDescription = "This app needs your location to retrieve data";
				INFOPLIST_KEY_UIApplicationSceneManifest_Generation = YES;
				INFOPLIST_KEY_UIApplicationSupportsIndirectInputEvents = YES;
				INFOPLIST_KEY_UILaunchScreen_Generation = YES;
				INFOPLIST_KEY_UISupportedInterfaceOrientations_iPad = "UIInterfaceOrientationPortrait UIInterfaceOrientationPortraitUpsideDown UIInterfaceOrientationLandscapeLeft UIInterfaceOrientationLandscapeRight";
				INFOPLIST_KEY_UISupportedInterfaceOrientations_iPhone = "UIInterfaceOrientationPortrait UIInterfaceOrientationLandscapeLeft UIInterfaceOrientationLandscapeRight";
				LD_RUNPATH_SEARCH_PATHS = (
					"$(inherited)",
					"@executable_path/Frameworks",
				);
				MARKETING_VERSION = 1.0;
				PRODUCT_BUNDLE_IDENTIFIER = com.iosdev.WeatherApp;
				PRODUCT_NAME = "$(TARGET_NAME)";
				SWIFT_EMIT_LOC_STRINGS = YES;
				SWIFT_VERSION = 5.0;
				TARGETED_DEVICE_FAMILY = "1,2";
			};
			name = Debug;
		};
		4855B6CC2A4CD68C00B77C70 /* Release */ = {
			isa = XCBuildConfiguration;
			buildSettings = {
				ASSETCATALOG_COMPILER_APPICON_NAME = AppIcon;
				ASSETCATALOG_COMPILER_GLOBAL_ACCENT_COLOR_NAME = AccentColor;
				CODE_SIGN_STYLE = Automatic;
				CURRENT_PROJECT_VERSION = 1;
				DEVELOPMENT_ASSET_PATHS = "\"WeatherApp/Preview Content\"";
				DEVELOPMENT_TEAM = UY7544MY99;
				ENABLE_PREVIEWS = YES;
				GENERATE_INFOPLIST_FILE = YES;
				INFOPLIST_FILE = WeatherApp/Info.plist;
				INFOPLIST_KEY_NSLocationAlwaysAndWhenInUseUsageDescription = "This app needs your location to retrieve data";
				INFOPLIST_KEY_NSLocationWhenInUseUsageDescription = "This app needs your location to retrieve data";
				INFOPLIST_KEY_UIApplicationSceneManifest_Generation = YES;
				INFOPLIST_KEY_UIApplicationSupportsIndirectInputEvents = YES;
				INFOPLIST_KEY_UILaunchScreen_Generation = YES;
				INFOPLIST_KEY_UISupportedInterfaceOrientations_iPad = "UIInterfaceOrientationPortrait UIInterfaceOrientationPortraitUpsideDown UIInterfaceOrientationLandscapeLeft UIInterfaceOrientationLandscapeRight";
				INFOPLIST_KEY_UISupportedInterfaceOrientations_iPhone = "UIInterfaceOrientationPortrait UIInterfaceOrientationLandscapeLeft UIInterfaceOrientationLandscapeRight";
				LD_RUNPATH_SEARCH_PATHS = (
					"$(inherited)",
					"@executable_path/Frameworks",
				);
				MARKETING_VERSION = 1.0;
				PRODUCT_BUNDLE_IDENTIFIER = com.iosdev.WeatherApp;
				PRODUCT_NAME = "$(TARGET_NAME)";
				SWIFT_EMIT_LOC_STRINGS = YES;
				SWIFT_VERSION = 5.0;
				TARGETED_DEVICE_FAMILY = "1,2";
			};
			name = Release;
		};
/* End XCBuildConfiguration section */

/* Begin XCConfigurationList section */
		4855B6B72A4CD68A00B77C70 /* Build configuration list for PBXProject "WeatherApp" */ = {
			isa = XCConfigurationList;
			buildConfigurations = (
				4855B6C82A4CD68C00B77C70 /* Debug */,
				4855B6C92A4CD68C00B77C70 /* Release */,
			);
			defaultConfigurationIsVisible = 0;
			defaultConfigurationName = Release;
		};
		4855B6CA2A4CD68C00B77C70 /* Build configuration list for PBXNativeTarget "WeatherApp" */ = {
			isa = XCConfigurationList;
			buildConfigurations = (
				4855B6CB2A4CD68C00B77C70 /* Debug */,
				4855B6CC2A4CD68C00B77C70 /* Release */,
			);
			defaultConfigurationIsVisible = 0;
			defaultConfigurationName = Release;
		};
/* End XCConfigurationList section */
	};
	rootObject = 4855B6B42A4CD68A00B77C70 /* Project object */;
}
